{
  "nodes": {
    "emacs-overlay": {
      "inputs": {
        "nixpkgs": [
          "nixpkgs"
        ],
        "nixpkgs-stable": "nixpkgs-stable"
      },
      "locked": {
        "lastModified": 1743067111,
        "narHash": "sha256-v9VJXx7525gMH6S7WesJM84Dr76jxRubATuBJn4L14o=",
        "owner": "nix-community",
        "repo": "emacs-overlay",
        "rev": "5c22a2387d4ac1e1d64d66489e7d3ecb0a30cbcd",
        "type": "github"
      },
      "original": {
        "owner": "nix-community",
        "repo": "emacs-overlay",
        "type": "github"
      }
    },
    "flake-parts": {
      "inputs": {
        "nixpkgs-lib": [
          "nur",
          "nixpkgs"
        ]
      },
      "locked": {
        "lastModified": 1733312601,
        "narHash": "sha256-4pDvzqnegAfRkPwO3wmwBhVi/Sye1mzps0zHWYnP88c=",
        "owner": "hercules-ci",
        "repo": "flake-parts",
        "rev": "205b12d8b7cd4802fbcb8e8ef6a0f1408781a4f9",
        "type": "github"
      },
      "original": {
        "owner": "hercules-ci",
        "repo": "flake-parts",
        "type": "github"
      }
    },
    "home-manager": {
      "inputs": {
        "nixpkgs": [
          "nixpkgs"
        ]
      },
      "locked": {
        "lastModified": 1743082807,
        "narHash": "sha256-qmrCYHVqE6j0TQApfxGx8aRYNdNsqtOrZuH09A+cjTU=",
        "owner": "nix-community",
        "repo": "home-manager",
        "rev": "171915bfce41018528fda9960211e81946d999b7",
        "type": "github"
      },
      "original": {
        "owner": "nix-community",
        "repo": "home-manager",
        "type": "github"
      }
    },
    "nixpkgs": {
      "locked": {
        "lastModified": 1742889210,
        "narHash": "sha256-hw63HnwnqU3ZQfsMclLhMvOezpM7RSB0dMAtD5/sOiw=",
        "owner": "NixOS",
        "repo": "nixpkgs",
        "rev": "698214a32beb4f4c8e3942372c694f40848b360d",
        "type": "github"
      },
      "original": {
        "id": "nixpkgs",
        "ref": "nixos-unstable",
        "type": "indirect"
      }
    },
    "nixpkgs-stable": {
      "locked": {
        "lastModified": 1742937945,
        "narHash": "sha256-lWc+79eZRyvHp/SqMhHTMzZVhpxkRvthsP1Qx6UCq0E=",
        "owner": "NixOS",
        "repo": "nixpkgs",
        "rev": "d02d88f8de5b882ccdde0465d8fa2db3aa1169f7",
        "type": "github"
      },
      "original": {
        "owner": "NixOS",
        "ref": "nixos-24.11",
        "repo": "nixpkgs",
        "type": "github"
      }
    },
    "nur": {
      "inputs": {
        "flake-parts": "flake-parts",
        "nixpkgs": [
          "nixpkgs"
        ],
        "treefmt-nix": "treefmt-nix"
      },
      "locked": {
        "lastModified": 1743089166,
        "narHash": "sha256-rsEDTOyaf4ilSsjWzssMJDS+x9f8HKFxlFNWuvnpmTo=",
        "owner": "nix-community",
        "repo": "NUR",
        "rev": "0ff6d47ceb7bd1b4aae97bf5ed50138c3c0ec8a2",
        "type": "github"
      },
      "original": {
        "owner": "nix-community",
        "repo": "NUR",
        "type": "github"
      }
    },
    "root": {
      "inputs": {
        "emacs-overlay": "emacs-overlay",
        "home-manager": "home-manager",
        "nixpkgs": "nixpkgs",
        "nur": "nur"
      }
    },
    "treefmt-nix": {
      "inputs": {
        "nixpkgs": [
          "nur",
          "nixpkgs"
        ]
      },
      "locked": {
        "lastModified": 1733222881,
        "narHash": "sha256-JIPcz1PrpXUCbaccEnrcUS8jjEb/1vJbZz5KkobyFdM=",
        "owner": "numtide",
        "repo": "treefmt-nix",
        "rev": "49717b5af6f80172275d47a418c9719a31a78b53",
        "type": "github"
      },
      "original": {
        "owner": "numtide",
        "repo": "treefmt-nix",
        "type": "github"
      }
    }
  },
  "root": "root",
  "version": 7
}
